
Microsoft Visual Studio Solution File, Format Version 12.00
# Visual Studio Version 17
VisualStudioVersion = 17.13.35919.96 d17.13
MinimumVisualStudioVersion = 10.0.40219.1
Project("{FAE04EC0-301F-11D3-BF4B-00C04F79EFBC}") = "Persona", "Persona\Persona.csproj", "{AF51D09C-126D-42FE-8DEB-3BD360100FD9}"
EndProject
Global
	GlobalSection(SolutionConfigurationPlatforms) = preSolution
		Debug|Any CPU = Debug|Any CPU
		Release|Any CPU = Release|Any CPU
	EndGlobalSection
	GlobalSection(ProjectConfigurationPlatforms) = postSolution
		{AF51D09C-126D-42FE-8DEB-3BD360100FD9}.Debug|Any CPU.ActiveCfg = Debug|Any CPU
		{AF51D09C-126D-42FE-8DEB-3BD360100FD9}.Debug|Any CPU.Build.0 = Debug|Any CPU
		{AF51D09C-126D-42FE-8DEB-3BD360100FD9}.Release|Any CPU.ActiveCfg = Release|Any CPU
		{AF51D09C-126D-42FE-8DEB-3BD360100FD9}.Release|Any CPU.Build.0 = Release|Any CPU
	EndGlobalSection
	GlobalSection(SolutionProperties) = preSolution
		HideSolutionNode = FALSE
	EndGlobalSection
	GlobalSection(ExtensibilityGlobals) = postSolution
		SolutionGuid = {B5021252-D9AF-4624-B4D8-C4D6BE858018}
	EndGlobalSection
EndGlobal
